
Microsoft Visual Studio Solution File, Format Version 12.00
# Visual Studio Version 17
VisualStudioVersion = 17.3.32922.545
MinimumVisualStudioVersion = 10.0.40219.1
Project("{FAE04EC0-301F-11D3-BF4B-00C04F79EFBC}") = "BasicCalculator", "BasicCalculator\BasicCalculator.csproj", "{3A226F22-B29E-4D9C-A63D-B12086A654B6}"
EndProject
Global
	GlobalSection(SolutionConfigurationPlatforms) = preSolution
		Debug|Any CPU = Debug|Any CPU
		Release|Any CPU = Release|Any CPU
	EndGlobalSection
	GlobalSection(ProjectConfigurationPlatforms) = postSolution
		{3A226F22-B29E-4D9C-A63D-B12086A654B6}.Debug|Any CPU.ActiveCfg = Debug|Any CPU
		{3A226F22-B29E-4D9C-A63D-B12086A654B6}.Debug|Any CPU.Build.0 = Debug|Any CPU
		{3A226F22-B29E-4D9C-A63D-B12086A654B6}.Release|Any CPU.ActiveCfg = Release|Any CPU
		{3A226F22-B29E-4D9C-A63D-B12086A654B6}.Release|Any CPU.Build.0 = Release|Any CPU
	EndGlobalSection
	GlobalSection(SolutionProperties) = preSolution
		HideSolutionNode = FALSE
	EndGlobalSection
	GlobalSection(ExtensibilityGlobals) = postSolution
		SolutionGuid = {67664670-2869-400B-996B-7400672F9765}
	EndGlobalSection
EndGlobal
